
Microsoft Visual Studio Solution File, Format Version 12.00
# Visual Studio 15
VisualStudioVersion = 15.0.27428.2015
MinimumVisualStudioVersion = 10.0.40219.1
Project("{F184B08F-C81C-45F6-A57F-5ABD9991F28F}") = "01_HolaMundo_MVC", "01_HolaMundo_MVC\01_HolaMundo_MVC.vbproj", "{B7BC733B-CAD7-40EF-9DAD-B9128AD03EF4}"
EndProject
Project("{F184B08F-C81C-45F6-A57F-5ABD9991F28F}") = "01_HolaMundo_MVC.Tests", "01_HolaMundo_MVC.Tests\01_HolaMundo_MVC.Tests.vbproj", "{C1208EEE-D950-48FA-BC35-CBA212E4B7A7}"
EndProject
Project("{F184B08F-C81C-45F6-A57F-5ABD9991F28F}") = "ContosoUniversity", "ContosoUniversity\ContosoUniversity.vbproj", "{2C1D3D7C-06AC-4795-8182-103008862684}"
EndProject
Project("{F184B08F-C81C-45F6-A57F-5ABD9991F28F}") = "ContosoUniversity.Tests", "ContosoUniversity.Tests\ContosoUniversity.Tests.vbproj", "{60205EDB-80E8-40FB-BC37-653663E1B8DF}"
EndProject
Project("{F184B08F-C81C-45F6-A57F-5ABD9991F28F}") = "ContosoUniversityDesdeBD", "ContosoUniversityDesdeBD\ContosoUniversityDesdeBD.vbproj", "{2449A79B-5B62-4584-8519-FB7676EEAD2E}"
EndProject
Project("{F184B08F-C81C-45F6-A57F-5ABD9991F28F}") = "ContosoUniversityDesdeBDGrafico", "ContosoUniversityDesdeBDGrafico\ContosoUniversityDesdeBDGrafico.vbproj", "{D9B69B85-7012-464E-8D6A-6E3BC976F392}"
EndProject
Project("{F184B08F-C81C-45F6-A57F-5ABD9991F28F}") = "Ejercicio", "Ejercicio\Ejercicio.vbproj", "{2A9BD529-5813-4DD1-B4E6-C2E722938F85}"
EndProject
Project("{F184B08F-C81C-45F6-A57F-5ABD9991F28F}") = "WebApplication2", "WebApplication2\WebApplication2.vbproj", "{2E3B3C1A-ACF7-426C-88A9-A594F77ECBAB}"
EndProject
Project("{F184B08F-C81C-45F6-A57F-5ABD9991F28F}") = "WebApi", "WebApi\WebApi.vbproj", "{B482E660-3D49-48A7-9693-742C9AE0A466}"
EndProject
Global
	GlobalSection(SolutionConfigurationPlatforms) = preSolution
		Debug|Any CPU = Debug|Any CPU
		Release|Any CPU = Release|Any CPU
	EndGlobalSection
	GlobalSection(ProjectConfigurationPlatforms) = postSolution
		{B7BC733B-CAD7-40EF-9DAD-B9128AD03EF4}.Debug|Any CPU.ActiveCfg = Debug|Any CPU
		{B7BC733B-CAD7-40EF-9DAD-B9128AD03EF4}.Debug|Any CPU.Build.0 = Debug|Any CPU
		{B7BC733B-CAD7-40EF-9DAD-B9128AD03EF4}.Release|Any CPU.ActiveCfg = Release|Any CPU
		{B7BC733B-CAD7-40EF-9DAD-B9128AD03EF4}.Release|Any CPU.Build.0 = Release|Any CPU
		{C1208EEE-D950-48FA-BC35-CBA212E4B7A7}.Debug|Any CPU.ActiveCfg = Debug|Any CPU
		{C1208EEE-D950-48FA-BC35-CBA212E4B7A7}.Debug|Any CPU.Build.0 = Debug|Any CPU
		{C1208EEE-D950-48FA-BC35-CBA212E4B7A7}.Release|Any CPU.ActiveCfg = Release|Any CPU
		{C1208EEE-D950-48FA-BC35-CBA212E4B7A7}.Release|Any CPU.Build.0 = Release|Any CPU
		{2C1D3D7C-06AC-4795-8182-103008862684}.Debug|Any CPU.ActiveCfg = Debug|Any CPU
		{2C1D3D7C-06AC-4795-8182-103008862684}.Debug|Any CPU.Build.0 = Debug|Any CPU
		{2C1D3D7C-06AC-4795-8182-103008862684}.Release|Any CPU.ActiveCfg = Release|Any CPU
		{2C1D3D7C-06AC-4795-8182-103008862684}.Release|Any CPU.Build.0 = Release|Any CPU
		{60205EDB-80E8-40FB-BC37-653663E1B8DF}.Debug|Any CPU.ActiveCfg = Debug|Any CPU
		{60205EDB-80E8-40FB-BC37-653663E1B8DF}.Debug|Any CPU.Build.0 = Debug|Any CPU
		{60205EDB-80E8-40FB-BC37-653663E1B8DF}.Release|Any CPU.ActiveCfg = Release|Any CPU
		{60205EDB-80E8-40FB-BC37-653663E1B8DF}.Release|Any CPU.Build.0 = Release|Any CPU
		{2449A79B-5B62-4584-8519-FB7676EEAD2E}.Debug|Any CPU.ActiveCfg = Debug|Any CPU
		{2449A79B-5B62-4584-8519-FB7676EEAD2E}.Debug|Any CPU.Build.0 = Debug|Any CPU
		{2449A79B-5B62-4584-8519-FB7676EEAD2E}.Release|Any CPU.ActiveCfg = Release|Any CPU
		{2449A79B-5B62-4584-8519-FB7676EEAD2E}.Release|Any CPU.Build.0 = Release|Any CPU
		{D9B69B85-7012-464E-8D6A-6E3BC976F392}.Debug|Any CPU.ActiveCfg = Debug|Any CPU
		{D9B69B85-7012-464E-8D6A-6E3BC976F392}.Debug|Any CPU.Build.0 = Debug|Any CPU
		{D9B69B85-7012-464E-8D6A-6E3BC976F392}.Release|Any CPU.ActiveCfg = Release|Any CPU
		{D9B69B85-7012-464E-8D6A-6E3BC976F392}.Release|Any CPU.Build.0 = Release|Any CPU
		{2A9BD529-5813-4DD1-B4E6-C2E722938F85}.Debug|Any CPU.ActiveCfg = Debug|Any CPU
		{2A9BD529-5813-4DD1-B4E6-C2E722938F85}.Debug|Any CPU.Build.0 = Debug|Any CPU
		{2A9BD529-5813-4DD1-B4E6-C2E722938F85}.Release|Any CPU.ActiveCfg = Release|Any CPU
		{2A9BD529-5813-4DD1-B4E6-C2E722938F85}.Release|Any CPU.Build.0 = Release|Any CPU
		{2E3B3C1A-ACF7-426C-88A9-A594F77ECBAB}.Debug|Any CPU.ActiveCfg = Debug|Any CPU
		{2E3B3C1A-ACF7-426C-88A9-A594F77ECBAB}.Debug|Any CPU.Build.0 = Debug|Any CPU
		{2E3B3C1A-ACF7-426C-88A9-A594F77ECBAB}.Release|Any CPU.ActiveCfg = Release|Any CPU
		{2E3B3C1A-ACF7-426C-88A9-A594F77ECBAB}.Release|Any CPU.Build.0 = Release|Any CPU
		{B482E660-3D49-48A7-9693-742C9AE0A466}.Debug|Any CPU.ActiveCfg = Debug|Any CPU
		{B482E660-3D49-48A7-9693-742C9AE0A466}.Debug|Any CPU.Build.0 = Debug|Any CPU
		{B482E660-3D49-48A7-9693-742C9AE0A466}.Release|Any CPU.ActiveCfg = Release|Any CPU
		{B482E660-3D49-48A7-9693-742C9AE0A466}.Release|Any CPU.Build.0 = Release|Any CPU
	EndGlobalSection
	GlobalSection(SolutionProperties) = preSolution
		HideSolutionNode = FALSE
	EndGlobalSection
	GlobalSection(ExtensibilityGlobals) = postSolution
		SolutionGuid = {B5D97FDC-0790-4536-953E-CDC746CC6117}
	EndGlobalSection
EndGlobal
